
Microsoft Visual Studio Solution File, Format Version 11.00
# Visual Studio 2010
Project("{FAE04EC0-301F-11D3-BF4B-00C04F79EFBC}") = "SGT", "SGT.csproj", "{B848CC36-BBC6-4C87-AD0E-DB4B9AECCFF6}"
EndProject
Project("{2150E333-8FDC-42A3-9474-1A3956D46DE8}") = "Solution Items", "Solution Items", "{487C1FDE-5F6B-4A89-A8A2-7C0F0979E58E}"
EndProject
Global
	GlobalSection(SolutionConfigurationPlatforms) = preSolution
		Debug|x86 = Debug|x86
		Release|x86 = Release|x86
	EndGlobalSection
	GlobalSection(ProjectConfigurationPlatforms) = postSolution
		{B848CC36-BBC6-4C87-AD0E-DB4B9AECCFF6}.Debug|x86.ActiveCfg = Debug|x86
		{B848CC36-BBC6-4C87-AD0E-DB4B9AECCFF6}.Debug|x86.Build.0 = Debug|x86
		{B848CC36-BBC6-4C87-AD0E-DB4B9AECCFF6}.Release|x86.ActiveCfg = Release|x86
		{B848CC36-BBC6-4C87-AD0E-DB4B9AECCFF6}.Release|x86.Build.0 = Release|x86
	EndGlobalSection
	GlobalSection(SolutionProperties) = preSolution
		HideSolutionNode = FALSE
	EndGlobalSection
EndGlobal
